
Microsoft Visual Studio Solution File, Format Version 12.00
# Visual Studio Version 17
VisualStudioVersion = 17.6.33717.318
MinimumVisualStudioVersion = 10.0.40219.1
Project("{FAE04EC0-301F-11D3-BF4B-00C04F79EFBC}") = "Russian_Peasant_Multiplication", "Russian_Peasant_Multiplication\Russian_Peasant_Multiplication.csproj", "{EAD89EBE-21FB-476C-B044-0C3A12B304F8}"
EndProject
Project("{FAE04EC0-301F-11D3-BF4B-00C04F79EFBC}") = "Russian_Peasant_Multiplication_Logic", "Russian_Peasant_Multiplication_Logic\Russian_Peasant_Multiplication_Logic.csproj", "{A923B04C-B6F8-40CB-AD66-BC1D04AF7814}"
EndProject
Global
	GlobalSection(SolutionConfigurationPlatforms) = preSolution
		Debug|Any CPU = Debug|Any CPU
		Release|Any CPU = Release|Any CPU
	EndGlobalSection
	GlobalSection(ProjectConfigurationPlatforms) = postSolution
		{EAD89EBE-21FB-476C-B044-0C3A12B304F8}.Debug|Any CPU.ActiveCfg = Debug|Any CPU
		{EAD89EBE-21FB-476C-B044-0C3A12B304F8}.Debug|Any CPU.Build.0 = Debug|Any CPU
		{EAD89EBE-21FB-476C-B044-0C3A12B304F8}.Release|Any CPU.ActiveCfg = Release|Any CPU
		{EAD89EBE-21FB-476C-B044-0C3A12B304F8}.Release|Any CPU.Build.0 = Release|Any CPU
		{A923B04C-B6F8-40CB-AD66-BC1D04AF7814}.Debug|Any CPU.ActiveCfg = Debug|Any CPU
		{A923B04C-B6F8-40CB-AD66-BC1D04AF7814}.Debug|Any CPU.Build.0 = Debug|Any CPU
		{A923B04C-B6F8-40CB-AD66-BC1D04AF7814}.Release|Any CPU.ActiveCfg = Release|Any CPU
		{A923B04C-B6F8-40CB-AD66-BC1D04AF7814}.Release|Any CPU.Build.0 = Release|Any CPU
	EndGlobalSection
	GlobalSection(SolutionProperties) = preSolution
		HideSolutionNode = FALSE
	EndGlobalSection
	GlobalSection(ExtensibilityGlobals) = postSolution
		SolutionGuid = {8844C9CD-CE77-45AD-A7DD-D2BAFCCC0F29}
	EndGlobalSection
EndGlobal
